# This file is automatically @generated by Poetry 2.1.3 and should not be changed by hand.

[[package]]
name = "mystmd"
version = "1.6.0"
description = "Command line tools for MyST Markdown"
optional = false
python-versions = ">=3.8"
groups = ["main"]
files = [
    {file = "mystmd-1.6.0-py3-none-any.whl", hash = "sha256:6a9a302fc0b65b174d1e1f8a6bbe64204fcc7cd80ce1489f54090595210275ad"},
    {file = "mystmd-1.6.0.tar.gz", hash = "sha256:75234f771565c307998075d4a67f57aa17323aefc933fbd1fc27a4379c571c1a"},
]

[package.dependencies]
nodeenv = ">=1.9.1,<1.10.0"
platformdirs = ">=4.2.2,<4.3.0"

[package.extras]
execute = ["ipykernel", "jupyter-server"]

[[package]]
name = "nodeenv"
version = "1.9.1"
description = "Node.js virtual environment builder"
optional = false
python-versions = "!=3.0.*,!=3.1.*,!=3.2.*,!=3.3.*,!=3.4.*,!=3.5.*,!=3.6.*,>=2.7"
groups = ["main"]
files = [
    {file = "nodeenv-1.9.1-py2.py3-none-any.whl", hash = "sha256:ba11c9782d29c27c70ffbdda2d7415098754709be8a7056d79a737cd901155c9"},
    {file = "nodeenv-1.9.1.tar.gz", hash = "sha256:6ec12890a2dab7946721edbfbcd91f3319c6ccc9aec47be7c7e6b7011ee6645f"},
]

[[package]]
name = "platformdirs"
version = "4.2.2"
description = "A small Python package for determining appropriate platform-specific dirs, e.g. a `user data dir`."
optional = false
python-versions = ">=3.8"
groups = ["main"]
files = [
    {file = "platformdirs-4.2.2-py3-none-any.whl", hash = "sha256:2d7a1657e36a80ea911db832a8a6ece5ee53d8de21edd5cc5879af6530b1bfee"},
    {file = "platformdirs-4.2.2.tar.gz", hash = "sha256:38b7b51f512eed9e84a22788b4bce1de17c0adb134d6becb09836e37d8654cd3"},
]

[package.extras]
docs = ["furo (>=2023.9.10)", "proselint (>=0.13)", "sphinx (>=7.2.6)", "sphinx-autodoc-typehints (>=1.25.2)"]
test = ["appdirs (==1.4.4)", "covdefaults (>=2.3)", "pytest (>=7.4.3)", "pytest-cov (>=4.1)", "pytest-mock (>=3.12)"]
type = ["mypy (>=1.8)"]

[[package]]
name = "robotframework"
version = "7.3.2"
description = "Generic automation framework for acceptance testing and robotic process automation (RPA)"
optional = false
python-versions = ">=3.8"
groups = ["main"]
files = [
    {file = "robotframework-7.3.2-py3-none-any.whl", hash = "sha256:14ef2afa905285cc073df6ce06d0cd3af4a113df6f815532718079e00c98cca4"},
    {file = "robotframework-7.3.2.tar.gz", hash = "sha256:3bb3e299831ecb1664f3d5082f6ff9f08ba82d61a745bef2227328ef3049e93a"},
]

[[package]]
name = "robotframework-assertion-engine"
version = "3.0.3"
description = "Generic way to create meaningful and easy to use assertions for the Robot Framework libraries."
optional = false
python-versions = ">=3.8.1,<4.0"
groups = ["main"]
files = [
    {file = "robotframework_assertion_engine-3.0.3-py3-none-any.whl", hash = "sha256:3cd8962744ea4f307feadd596266c1d563e87b586ed61803c9445295ab15a0cd"},
    {file = "robotframework_assertion_engine-3.0.3.tar.gz", hash = "sha256:1c608d4c69d96520986a1ddc6def0fc7f7e849520f1e6882a633b51dbb98fd88"},
]

[package.dependencies]
robotframework = ">=5.0.1"
robotframework-pythonlibcore = ">=3.0.0,<5.0.0"

[[package]]
name = "robotframework-databaselibrary"
version = "2.1.4"
description = "Database Library for Robot Framework"
optional = false
python-versions = ">=3.8.1"
groups = ["main"]
files = [
    {file = "robotframework_databaselibrary-2.1.4-py3-none-any.whl", hash = "sha256:cf90582a4acc926d7b4c5ba20ffb824af8f631b6eb95f68ed3450970dce66bfe"},
    {file = "robotframework_databaselibrary-2.1.4.tar.gz", hash = "sha256:65c69215f051a82e03a8fb0cd33d854651b66d1c69aab5f93852d68da8502089"},
]

[package.dependencies]
robotframework = ">=5.0.1"
robotframework-assertion-engine = "*"

[[package]]
name = "robotframework-pythonlibcore"
version = "4.4.1"
description = "Tools to ease creating larger test libraries for Robot Framework using Python."
optional = false
python-versions = "<4,>=3.8"
groups = ["main"]
files = [
    {file = "robotframework-pythonlibcore-4.4.1.tar.gz", hash = "sha256:2d695b2ea906f5815179643e29182466675e682d82c5fa9d1009edfae2f84b16"},
    {file = "robotframework_pythonlibcore-4.4.1-py2.py3-none-any.whl", hash = "sha256:e0517129522aaa039eb2a28fd3d9720b7a0be0b90d0cbcb153a6c8016bb9e973"},
]

[metadata]
lock-version = "2.1"
python-versions = ">=3.13,<4.0"
content-hash = "c78156bf4793465846c10a147eb1ad8ce349983672ab80142b54b867ef66c1e5"
