# This file is automatically @generated by Poetry 2.1.2 and should not be changed by hand.

[[package]]
name = "mystmd"
version = "1.3.26"
description = "Command line tools for MyST Markdown"
optional = false
python-versions = ">=3.8"
groups = ["main"]
files = [
    {file = "mystmd-1.3.26-py3-none-any.whl", hash = "sha256:6c2664310fe7375df59e951110cf8fa02046d37c63428fd26203b15868080971"},
    {file = "mystmd-1.3.26.tar.gz", hash = "sha256:c5589222d6acab50190ece5f5aa22c13fb3d94095650d3e2575f149c6a3469d6"},
]

[package.dependencies]
nodeenv = ">=1.9.1,<1.10.0"
platformdirs = ">=4.2.2,<4.3.0"

[package.extras]
execute = ["ipykernel", "jupyter-server"]

[[package]]
name = "nodeenv"
version = "1.9.1"
description = "Node.js virtual environment builder"
optional = false
python-versions = "!=3.0.*,!=3.1.*,!=3.2.*,!=3.3.*,!=3.4.*,!=3.5.*,!=3.6.*,>=2.7"
groups = ["main"]
files = [
    {file = "nodeenv-1.9.1-py2.py3-none-any.whl", hash = "sha256:ba11c9782d29c27c70ffbdda2d7415098754709be8a7056d79a737cd901155c9"},
    {file = "nodeenv-1.9.1.tar.gz", hash = "sha256:6ec12890a2dab7946721edbfbcd91f3319c6ccc9aec47be7c7e6b7011ee6645f"},
]

[[package]]
name = "platformdirs"
version = "4.2.2"
description = "A small Python package for determining appropriate platform-specific dirs, e.g. a `user data dir`."
optional = false
python-versions = ">=3.8"
groups = ["main"]
files = [
    {file = "platformdirs-4.2.2-py3-none-any.whl", hash = "sha256:2d7a1657e36a80ea911db832a8a6ece5ee53d8de21edd5cc5879af6530b1bfee"},
    {file = "platformdirs-4.2.2.tar.gz", hash = "sha256:38b7b51f512eed9e84a22788b4bce1de17c0adb134d6becb09836e37d8654cd3"},
]

[package.extras]
docs = ["furo (>=2023.9.10)", "proselint (>=0.13)", "sphinx (>=7.2.6)", "sphinx-autodoc-typehints (>=1.25.2)"]
test = ["appdirs (==1.4.4)", "covdefaults (>=2.3)", "pytest (>=7.4.3)", "pytest-cov (>=4.1)", "pytest-mock (>=3.12)"]
type = ["mypy (>=1.8)"]

[metadata]
lock-version = "2.1"
python-versions = ">=3.13"
content-hash = "ae1dd7bec80ff6f9362b59f64e6db6f5fb271efb37f551825c61d4f7b3bfcbc7"
